
Microsoft Visual Studio Solution File, Format Version 12.00
# Visual Studio Version 17
VisualStudioVersion = 17.14.36518.9
MinimumVisualStudioVersion = 10.0.40219.1
Project("{FAE04EC0-301F-11D3-BF4B-00C04F79EFBC}") = "StartAcademy8", "StartAcademy8.csproj", "{D84B9DAF-D931-45B9-939C-BE53AC2A39B9}"
EndProject
Project("{FAE04EC0-301F-11D3-BF4B-00C04F79EFBC}") = "CommonAcademy8", "..\CommonAcademy8\CommonAcademy8.csproj", "{F7BCC287-95C8-4AB3-96AD-C1224F5CD034}"
EndProject
Project("{FAE04EC0-301F-11D3-BF4B-00C04F79EFBC}") = "DbHandler", "..\DbHandler\DbHandler.csproj", "{6AA8E542-4CF7-4178-BAA7-DA69F80E5CA0}"
EndProject
Global
	GlobalSection(SolutionConfigurationPlatforms) = preSolution
		Debug|Any CPU = Debug|Any CPU
		Release|Any CPU = Release|Any CPU
	EndGlobalSection
	GlobalSection(ProjectConfigurationPlatforms) = postSolution
		{D84B9DAF-D931-45B9-939C-BE53AC2A39B9}.Debug|Any CPU.ActiveCfg = Debug|Any CPU
		{D84B9DAF-D931-45B9-939C-BE53AC2A39B9}.Debug|Any CPU.Build.0 = Debug|Any CPU
		{D84B9DAF-D931-45B9-939C-BE53AC2A39B9}.Release|Any CPU.ActiveCfg = Release|Any CPU
		{D84B9DAF-D931-45B9-939C-BE53AC2A39B9}.Release|Any CPU.Build.0 = Release|Any CPU
		{F7BCC287-95C8-4AB3-96AD-C1224F5CD034}.Debug|Any CPU.ActiveCfg = Debug|Any CPU
		{F7BCC287-95C8-4AB3-96AD-C1224F5CD034}.Debug|Any CPU.Build.0 = Debug|Any CPU
		{F7BCC287-95C8-4AB3-96AD-C1224F5CD034}.Release|Any CPU.ActiveCfg = Release|Any CPU
		{F7BCC287-95C8-4AB3-96AD-C1224F5CD034}.Release|Any CPU.Build.0 = Release|Any CPU
		{6AA8E542-4CF7-4178-BAA7-DA69F80E5CA0}.Debug|Any CPU.ActiveCfg = Debug|Any CPU
		{6AA8E542-4CF7-4178-BAA7-DA69F80E5CA0}.Debug|Any CPU.Build.0 = Debug|Any CPU
		{6AA8E542-4CF7-4178-BAA7-DA69F80E5CA0}.Release|Any CPU.ActiveCfg = Release|Any CPU
		{6AA8E542-4CF7-4178-BAA7-DA69F80E5CA0}.Release|Any CPU.Build.0 = Release|Any CPU
	EndGlobalSection
	GlobalSection(SolutionProperties) = preSolution
		HideSolutionNode = FALSE
	EndGlobalSection
	GlobalSection(ExtensibilityGlobals) = postSolution
		SolutionGuid = {11AB83E0-DA4D-4764-BCA9-B4649822D94C}
	EndGlobalSection
EndGlobal
